
Microsoft Visual Studio Solution File, Format Version 12.00
# Visual Studio Version 16
VisualStudioVersion = 16.0.30114.105
MinimumVisualStudioVersion = 10.0.40219.1
Project("{FAE04EC0-301F-11D3-BF4B-00C04F79EFBC}") = "Notebook", "Notebook\Notebook.csproj", "{75CD3084-326F-4C9B-AA36-A9655162D68E}"
EndProject
Global
	GlobalSection(SolutionConfigurationPlatforms) = preSolution
		Debug|Any CPU = Debug|Any CPU
		Release|Any CPU = Release|Any CPU
	EndGlobalSection
	GlobalSection(ProjectConfigurationPlatforms) = postSolution
		{75CD3084-326F-4C9B-AA36-A9655162D68E}.Debug|Any CPU.ActiveCfg = Debug|Any CPU
		{75CD3084-326F-4C9B-AA36-A9655162D68E}.Debug|Any CPU.Build.0 = Debug|Any CPU
		{75CD3084-326F-4C9B-AA36-A9655162D68E}.Release|Any CPU.ActiveCfg = Release|Any CPU
		{75CD3084-326F-4C9B-AA36-A9655162D68E}.Release|Any CPU.Build.0 = Release|Any CPU
	EndGlobalSection
	GlobalSection(SolutionProperties) = preSolution
		HideSolutionNode = FALSE
	EndGlobalSection
	GlobalSection(ExtensibilityGlobals) = postSolution
		SolutionGuid = {C47F0832-CF69-4FDC-AC82-B264BEDEB9EB}
	EndGlobalSection
EndGlobal
